// !$*UTF8*$!
{
	archiveVersion = 1;
	classes = {
	};
	objectVersion = 56;
	objects = {

/* Begin PBXBuildFile section */
		7C0CC30D2C3657A400B79459 /* RefreshTokenModel.swift in Sources */ = {isa = PBXBuildFile; fileRef = 7C0CC30C2C3657A400B79459 /* RefreshTokenModel.swift */; };
		7C3F271B2C379FB80013780B /* UIViewControllerExtensions.swift in Sources */ = {isa = PBXBuildFile; fileRef = 7C3F271A2C379FB80013780B /* UIViewControllerExtensions.swift */; };
		7C3F271D2C37A4F40013780B /* UIActivityIndicatorViewExtendsions.swift in Sources */ = {isa = PBXBuildFile; fileRef = 7C3F271C2C37A4F40013780B /* UIActivityIndicatorViewExtendsions.swift */; };
		7C4013B92C206BEA0019074D /* Constant.swift in Sources */ = {isa = PBXBuildFile; fileRef = 7C4013B82C206BEA0019074D /* Constant.swift */; };
		7C4013C82C208C180019074D /* UsersVC.xib in Resources */ = {isa = PBXBuildFile; fileRef = 7C4013C72C208C180019074D /* UsersVC.xib */; };
		7C4013C92C208C180019074D /* UsersVC.swift in Sources */ = {isa = PBXBuildFile; fileRef = 7C4013C62C208C180019074D /* UsersVC.swift */; };
		7C43D71A2C1D909D00B3E914 /* AccountVC.swift in Sources */ = {isa = PBXBuildFile; fileRef = 7C43D7182C1D909D00B3E914 /* AccountVC.swift */; };
		7C43D71B2C1D909D00B3E914 /* AccountVC.xib in Resources */ = {isa = PBXBuildFile; fileRef = 7C43D7192C1D909D00B3E914 /* AccountVC.xib */; };
		7C455DED2C2EF2AF00F4CECB /* Validator.swift in Sources */ = {isa = PBXBuildFile; fileRef = 7C455DEC2C2EF2AF00F4CECB /* Validator.swift */; };
		7C455DEF2C2EF80700F4CECB /* RegexConstant.swift in Sources */ = {isa = PBXBuildFile; fileRef = 7C455DEE2C2EF80700F4CECB /* RegexConstant.swift */; };
		7C455DF12C2EF81400F4CECB /* APIConstant.swift in Sources */ = {isa = PBXBuildFile; fileRef = 7C455DF02C2EF81400F4CECB /* APIConstant.swift */; };
		7C4FEB3C2C40E7F000D3783F /* TableLoadMoreIndicator.swift in Sources */ = {isa = PBXBuildFile; fileRef = 7C4FEB3B2C40E7EF00D3783F /* TableLoadMoreIndicator.swift */; };
		7C4FEB3E2C4106FA00D3783F /* AccountVM.swift in Sources */ = {isa = PBXBuildFile; fileRef = 7C4FEB3D2C4106FA00D3783F /* AccountVM.swift */; };
		7C4FEB422C41132E00D3783F /* EdittVM.swift in Sources */ = {isa = PBXBuildFile; fileRef = 7C4FEB412C41132E00D3783F /* EdittVM.swift */; };
		7C4FEB442C412B8200D3783F /* SignUpVM.swift in Sources */ = {isa = PBXBuildFile; fileRef = 7C4FEB432C412B8200D3783F /* SignUpVM.swift */; };
		7C6BFE372C3C33B600D1C3FC /* FieldIdentifier.swift in Sources */ = {isa = PBXBuildFile; fileRef = 7C6BFE362C3C33B600D1C3FC /* FieldIdentifier.swift */; };
		7C7C7B702C37F5F1003FEF92 /* netfox in Frameworks */ = {isa = PBXBuildFile; productRef = 7C7C7B6F2C37F5F1003FEF92 /* netfox */; };
		7C911F352C06272B00D28629 /* LogInVC.xib in Resources */ = {isa = PBXBuildFile; fileRef = 7C911F332C06272B00D28629 /* LogInVC.xib */; };
		7C911F362C06272B00D28629 /* LogInVC.swift in Sources */ = {isa = PBXBuildFile; fileRef = 7C911F342C06272B00D28629 /* LogInVC.swift */; };
		7C911F3A2C0627A700D28629 /* SignUpVC.swift in Sources */ = {isa = PBXBuildFile; fileRef = 7C911F382C0627A700D28629 /* SignUpVC.swift */; };
		7C911F3B2C0627A700D28629 /* SignUpVC.xib in Resources */ = {isa = PBXBuildFile; fileRef = 7C911F392C0627A700D28629 /* SignUpVC.xib */; };
		7CA5ACC42C2172DB001F8648 /* SettingTabBarController.swift in Sources */ = {isa = PBXBuildFile; fileRef = 7CA5ACC22C2172DB001F8648 /* SettingTabBarController.swift */; };
		7CA5ACC52C2172DB001F8648 /* SettingTabBarController.xib in Resources */ = {isa = PBXBuildFile; fileRef = 7CA5ACC32C2172DB001F8648 /* SettingTabBarController.xib */; };
		7CA5ACCC2C218C43001F8648 /* UsersTableCell.swift in Sources */ = {isa = PBXBuildFile; fileRef = 7CA5ACCA2C218C43001F8648 /* UsersTableCell.swift */; };
		7CA5ACCE2C218EE8001F8648 /* UsersTableCell.xib in Resources */ = {isa = PBXBuildFile; fileRef = 7CA5ACCB2C218C43001F8648 /* UsersTableCell.xib */; };
		7CA5ACD12C227C75001F8648 /* UserModel.swift in Sources */ = {isa = PBXBuildFile; fileRef = 7CA5ACD02C227C75001F8648 /* UserModel.swift */; };
		7CA5ACD42C2281F9001F8648 /* SDWebImage in Frameworks */ = {isa = PBXBuildFile; productRef = 7CA5ACD32C2281F9001F8648 /* SDWebImage */; };
		7CA5ACD62C2281F9001F8648 /* SDWebImageMapKit in Frameworks */ = {isa = PBXBuildFile; productRef = 7CA5ACD52C2281F9001F8648 /* SDWebImageMapKit */; };
		7CC831FB2C2ADA2200A97350 /* UIImageViewExtensions.swift in Sources */ = {isa = PBXBuildFile; fileRef = 7CC831FA2C2ADA2200A97350 /* UIImageViewExtensions.swift */; };
		7CC832022C2AEB2B00A97350 /* StringExtension.swift in Sources */ = {isa = PBXBuildFile; fileRef = 7CC832012C2AEB2B00A97350 /* StringExtension.swift */; };
		7CC832052C2B05C600A97350 /* AuthService.swift in Sources */ = {isa = PBXBuildFile; fileRef = 7CC832042C2B05C600A97350 /* AuthService.swift */; };
		7CC832072C2B096E00A97350 /* Endpoints.swift in Sources */ = {isa = PBXBuildFile; fileRef = 7CC832062C2B096E00A97350 /* Endpoints.swift */; };
		7CC832092C2B0CC800A97350 /* HTTP.swift in Sources */ = {isa = PBXBuildFile; fileRef = 7CC832082C2B0CC800A97350 /* HTTP.swift */; };
		7CC8320C2C2B0F2500A97350 /* URLRequestExtension.swift in Sources */ = {isa = PBXBuildFile; fileRef = 7CC8320B2C2B0F2500A97350 /* URLRequestExtension.swift */; };
		7CC832102C2B119300A97350 /* LoginModel.swift in Sources */ = {isa = PBXBuildFile; fileRef = 7CC8320F2C2B119300A97350 /* LoginModel.swift */; };
		7CCC75F22C36AA5300DDBC87 /* EditVC.swift in Sources */ = {isa = PBXBuildFile; fileRef = 7CCC75F02C36AA5300DDBC87 /* EditVC.swift */; };
		7CCC75F32C36AA5300DDBC87 /* EditVC.xib in Resources */ = {isa = PBXBuildFile; fileRef = 7CCC75F12C36AA5300DDBC87 /* EditVC.xib */; };
		7CDF31F22C060A2100C01B06 /* AppDelegate.swift in Sources */ = {isa = PBXBuildFile; fileRef = 7CDF31F12C060A2100C01B06 /* AppDelegate.swift */; };
		7CDF31F42C060A2100C01B06 /* SceneDelegate.swift in Sources */ = {isa = PBXBuildFile; fileRef = 7CDF31F32C060A2100C01B06 /* SceneDelegate.swift */; };
		7CDF31FB2C060A2100C01B06 /* Assets.xcassets in Resources */ = {isa = PBXBuildFile; fileRef = 7CDF31FA2C060A2100C01B06 /* Assets.xcassets */; };
		7CDF31FE2C060A2100C01B06 /* Base in Resources */ = {isa = PBXBuildFile; fileRef = 7CDF31FD2C060A2100C01B06 /* Base */; };
		7CE52AE32C2D22D5005D8A6B /* AlertManager.swift in Sources */ = {isa = PBXBuildFile; fileRef = 7CE52AE22C2D22D5005D8A6B /* AlertManager.swift */; };
		7CE52AE52C2D63EC005D8A6B /* RoleSingleton.swift in Sources */ = {isa = PBXBuildFile; fileRef = 7CE52AE42C2D63EC005D8A6B /* RoleSingleton.swift */; };
		7CE52AE82C2D6B39005D8A6B /* RoleService.swift in Sources */ = {isa = PBXBuildFile; fileRef = 7CE52AE72C2D6B39005D8A6B /* RoleService.swift */; };
		7CE52AEC2C2E7909005D8A6B /* SignupModel.swift in Sources */ = {isa = PBXBuildFile; fileRef = 7CE52AEB2C2E7909005D8A6B /* SignupModel.swift */; };
		7CE613112C2BC2AA001A3B96 /* ServerResponse.swift in Sources */ = {isa = PBXBuildFile; fileRef = 7CE613102C2BC2AA001A3B96 /* ServerResponse.swift */; };
		7CE613132C2BC5B9001A3B96 /* APIErrorTypes.swift in Sources */ = {isa = PBXBuildFile; fileRef = 7CE613122C2BC5B9001A3B96 /* APIErrorTypes.swift */; };
		7CE613152C2BFB32001A3B96 /* AccountService.swift in Sources */ = {isa = PBXBuildFile; fileRef = 7CE613142C2BFB32001A3B96 /* AccountService.swift */; };
		7CE613182C2C0CDF001A3B96 /* TokenSingleton.swift in Sources */ = {isa = PBXBuildFile; fileRef = 7CE613172C2C0CDF001A3B96 /* TokenSingleton.swift */; };
		7CE6131A2C2C5923001A3B96 /* UIButtonExtension.swift in Sources */ = {isa = PBXBuildFile; fileRef = 7CE613192C2C5923001A3B96 /* UIButtonExtension.swift */; };
		7CF6797E2C22D83B00C0389C /* RoleModel.swift in Sources */ = {isa = PBXBuildFile; fileRef = 7CF6797D2C22D83B00C0389C /* RoleModel.swift */; };
/* End PBXBuildFile section */

/* Begin PBXFileReference section */
		7C0CC30C2C3657A400B79459 /* RefreshTokenModel.swift */ = {isa = PBXFileReference; lastKnownFileType = sourcecode.swift; path = RefreshTokenModel.swift; sourceTree = "<group>"; };
		7C3F271A2C379FB80013780B /* UIViewControllerExtensions.swift */ = {isa = PBXFileReference; lastKnownFileType = sourcecode.swift; path = UIViewControllerExtensions.swift; sourceTree = "<group>"; };
		7C3F271C2C37A4F40013780B /* UIActivityIndicatorViewExtendsions.swift */ = {isa = PBXFileReference; lastKnownFileType = sourcecode.swift; path = UIActivityIndicatorViewExtendsions.swift; sourceTree = "<group>"; };
		7C4013B82C206BEA0019074D /* Constant.swift */ = {isa = PBXFileReference; lastKnownFileType = sourcecode.swift; path = Constant.swift; sourceTree = "<group>"; };
		7C4013C62C208C180019074D /* UsersVC.swift */ = {isa = PBXFileReference; lastKnownFileType = sourcecode.swift; path = UsersVC.swift; sourceTree = "<group>"; };
		7C4013C72C208C180019074D /* UsersVC.xib */ = {isa = PBXFileReference; lastKnownFileType = file.xib; path = UsersVC.xib; sourceTree = "<group>"; };
		7C43D7182C1D909D00B3E914 /* AccountVC.swift */ = {isa = PBXFileReference; lastKnownFileType = sourcecode.swift; path = AccountVC.swift; sourceTree = "<group>"; };
		7C43D7192C1D909D00B3E914 /* AccountVC.xib */ = {isa = PBXFileReference; lastKnownFileType = file.xib; path = AccountVC.xib; sourceTree = "<group>"; };
		7C455DEC2C2EF2AF00F4CECB /* Validator.swift */ = {isa = PBXFileReference; lastKnownFileType = sourcecode.swift; path = Validator.swift; sourceTree = "<group>"; };
		7C455DEE2C2EF80700F4CECB /* RegexConstant.swift */ = {isa = PBXFileReference; lastKnownFileType = sourcecode.swift; path = RegexConstant.swift; sourceTree = "<group>"; };
		7C455DF02C2EF81400F4CECB /* APIConstant.swift */ = {isa = PBXFileReference; lastKnownFileType = sourcecode.swift; path = APIConstant.swift; sourceTree = "<group>"; };
		7C4FEB3B2C40E7EF00D3783F /* TableLoadMoreIndicator.swift */ = {isa = PBXFileReference; lastKnownFileType = sourcecode.swift; path = TableLoadMoreIndicator.swift; sourceTree = "<group>"; };
		7C4FEB3D2C4106FA00D3783F /* AccountVM.swift */ = {isa = PBXFileReference; lastKnownFileType = sourcecode.swift; path = AccountVM.swift; sourceTree = "<group>"; };
		7C4FEB412C41132E00D3783F /* EdittVM.swift */ = {isa = PBXFileReference; lastKnownFileType = sourcecode.swift; path = EdittVM.swift; sourceTree = SOURCE_ROOT; };
		7C4FEB432C412B8200D3783F /* SignUpVM.swift */ = {isa = PBXFileReference; lastKnownFileType = sourcecode.swift; path = SignUpVM.swift; sourceTree = "<group>"; };
		7C6BFE362C3C33B600D1C3FC /* FieldIdentifier.swift */ = {isa = PBXFileReference; lastKnownFileType = sourcecode.swift; path = FieldIdentifier.swift; sourceTree = "<group>"; };
		7C911F332C06272B00D28629 /* LogInVC.xib */ = {isa = PBXFileReference; fileEncoding = 4; lastKnownFileType = file.xib; path = LogInVC.xib; sourceTree = "<group>"; };
		7C911F342C06272B00D28629 /* LogInVC.swift */ = {isa = PBXFileReference; fileEncoding = 4; lastKnownFileType = sourcecode.swift; path = LogInVC.swift; sourceTree = "<group>"; };
		7C911F382C0627A700D28629 /* SignUpVC.swift */ = {isa = PBXFileReference; lastKnownFileType = sourcecode.swift; path = SignUpVC.swift; sourceTree = "<group>"; };
		7C911F392C0627A700D28629 /* SignUpVC.xib */ = {isa = PBXFileReference; lastKnownFileType = file.xib; path = SignUpVC.xib; sourceTree = "<group>"; };
		7CA5ACC22C2172DB001F8648 /* SettingTabBarController.swift */ = {isa = PBXFileReference; lastKnownFileType = sourcecode.swift; name = SettingTabBarController.swift; path = XIBViewer/View/Setting/SettingTabBarController.swift; sourceTree = SOURCE_ROOT; };
		7CA5ACC32C2172DB001F8648 /* SettingTabBarController.xib */ = {isa = PBXFileReference; lastKnownFileType = file.xib; name = SettingTabBarController.xib; path = XIBViewer/View/Setting/SettingTabBarController.xib; sourceTree = SOURCE_ROOT; };
		7CA5ACCA2C218C43001F8648 /* UsersTableCell.swift */ = {isa = PBXFileReference; lastKnownFileType = sourcecode.swift; path = UsersTableCell.swift; sourceTree = "<group>"; };
		7CA5ACCB2C218C43001F8648 /* UsersTableCell.xib */ = {isa = PBXFileReference; lastKnownFileType = file.xib; path = UsersTableCell.xib; sourceTree = "<group>"; };
		7CA5ACD02C227C75001F8648 /* UserModel.swift */ = {isa = PBXFileReference; lastKnownFileType = sourcecode.swift; path = UserModel.swift; sourceTree = "<group>"; };
		7CC831FA2C2ADA2200A97350 /* UIImageViewExtensions.swift */ = {isa = PBXFileReference; lastKnownFileType = sourcecode.swift; path = UIImageViewExtensions.swift; sourceTree = "<group>"; };
		7CC832012C2AEB2B00A97350 /* StringExtension.swift */ = {isa = PBXFileReference; lastKnownFileType = sourcecode.swift; path = StringExtension.swift; sourceTree = "<group>"; };
		7CC832042C2B05C600A97350 /* AuthService.swift */ = {isa = PBXFileReference; lastKnownFileType = sourcecode.swift; path = AuthService.swift; sourceTree = "<group>"; };
		7CC832062C2B096E00A97350 /* Endpoints.swift */ = {isa = PBXFileReference; lastKnownFileType = sourcecode.swift; path = Endpoints.swift; sourceTree = "<group>"; };
		7CC832082C2B0CC800A97350 /* HTTP.swift */ = {isa = PBXFileReference; lastKnownFileType = sourcecode.swift; path = HTTP.swift; sourceTree = "<group>"; };
		7CC8320B2C2B0F2500A97350 /* URLRequestExtension.swift */ = {isa = PBXFileReference; lastKnownFileType = sourcecode.swift; path = URLRequestExtension.swift; sourceTree = "<group>"; };
		7CC8320F2C2B119300A97350 /* LoginModel.swift */ = {isa = PBXFileReference; lastKnownFileType = sourcecode.swift; path = LoginModel.swift; sourceTree = "<group>"; };
		7CCC75F02C36AA5300DDBC87 /* EditVC.swift */ = {isa = PBXFileReference; lastKnownFileType = sourcecode.swift; path = EditVC.swift; sourceTree = "<group>"; };
		7CCC75F12C36AA5300DDBC87 /* EditVC.xib */ = {isa = PBXFileReference; lastKnownFileType = file.xib; path = EditVC.xib; sourceTree = "<group>"; };
		7CDF31EE2C060A2100C01B06 /* XIBViewer.app */ = {isa = PBXFileReference; explicitFileType = wrapper.application; includeInIndex = 0; path = XIBViewer.app; sourceTree = BUILT_PRODUCTS_DIR; };
		7CDF31F12C060A2100C01B06 /* AppDelegate.swift */ = {isa = PBXFileReference; lastKnownFileType = sourcecode.swift; path = AppDelegate.swift; sourceTree = "<group>"; };
		7CDF31F32C060A2100C01B06 /* SceneDelegate.swift */ = {isa = PBXFileReference; lastKnownFileType = sourcecode.swift; path = SceneDelegate.swift; sourceTree = "<group>"; };
		7CDF31FA2C060A2100C01B06 /* Assets.xcassets */ = {isa = PBXFileReference; lastKnownFileType = folder.assetcatalog; path = Assets.xcassets; sourceTree = "<group>"; };
		7CDF31FD2C060A2100C01B06 /* Base */ = {isa = PBXFileReference; lastKnownFileType = file.storyboard; name = Base; path = Base.lproj/LaunchScreen.storyboard; sourceTree = "<group>"; };
		7CDF31FF2C060A2100C01B06 /* Info.plist */ = {isa = PBXFileReference; lastKnownFileType = text.plist.xml; path = Info.plist; sourceTree = "<group>"; };
		7CE52AE22C2D22D5005D8A6B /* AlertManager.swift */ = {isa = PBXFileReference; lastKnownFileType = sourcecode.swift; path = AlertManager.swift; sourceTree = "<group>"; };
		7CE52AE42C2D63EC005D8A6B /* RoleSingleton.swift */ = {isa = PBXFileReference; lastKnownFileType = sourcecode.swift; path = RoleSingleton.swift; sourceTree = "<group>"; };
		7CE52AE72C2D6B39005D8A6B /* RoleService.swift */ = {isa = PBXFileReference; lastKnownFileType = sourcecode.swift; path = RoleService.swift; sourceTree = "<group>"; };
		7CE52AEB2C2E7909005D8A6B /* SignupModel.swift */ = {isa = PBXFileReference; fileEncoding = 4; lastKnownFileType = sourcecode.swift; path = SignupModel.swift; sourceTree = "<group>"; };
		7CE613102C2BC2AA001A3B96 /* ServerResponse.swift */ = {isa = PBXFileReference; lastKnownFileType = sourcecode.swift; path = ServerResponse.swift; sourceTree = "<group>"; };
		7CE613122C2BC5B9001A3B96 /* APIErrorTypes.swift */ = {isa = PBXFileReference; lastKnownFileType = sourcecode.swift; path = APIErrorTypes.swift; sourceTree = "<group>"; };
		7CE613142C2BFB32001A3B96 /* AccountService.swift */ = {isa = PBXFileReference; lastKnownFileType = sourcecode.swift; path = AccountService.swift; sourceTree = "<group>"; };
		7CE613172C2C0CDF001A3B96 /* TokenSingleton.swift */ = {isa = PBXFileReference; lastKnownFileType = sourcecode.swift; path = TokenSingleton.swift; sourceTree = "<group>"; };
		7CE613192C2C5923001A3B96 /* UIButtonExtension.swift */ = {isa = PBXFileReference; lastKnownFileType = sourcecode.swift; path = UIButtonExtension.swift; sourceTree = "<group>"; };
		7CF6797D2C22D83B00C0389C /* RoleModel.swift */ = {isa = PBXFileReference; lastKnownFileType = sourcecode.swift; path = RoleModel.swift; sourceTree = "<group>"; };
/* End PBXFileReference section */

/* Begin PBXFrameworksBuildPhase section */
		7CDF31EB2C060A2100C01B06 /* Frameworks */ = {
			isa = PBXFrameworksBuildPhase;
			buildActionMask = 2147483647;
			files = (
				7CA5ACD62C2281F9001F8648 /* SDWebImageMapKit in Frameworks */,
				7CA5ACD42C2281F9001F8648 /* SDWebImage in Frameworks */,
				7C7C7B702C37F5F1003FEF92 /* netfox in Frameworks */,
			);
			runOnlyForDeploymentPostprocessing = 0;
		};
/* End PBXFrameworksBuildPhase section */

/* Begin PBXGroup section */
		7C1EE2542C3E4C2300C72CED /* Authen */ = {
			isa = PBXGroup;
			children = (
				7CC8320F2C2B119300A97350 /* LoginModel.swift */,
				7CE52AEB2C2E7909005D8A6B /* SignupModel.swift */,
				7C0CC30C2C3657A400B79459 /* RefreshTokenModel.swift */,
			);
			path = Authen;
			sourceTree = "<group>";
		};
		7C1EE2552C3E4C6200C72CED /* Services */ = {
			isa = PBXGroup;
			children = (
				7CC832042C2B05C600A97350 /* AuthService.swift */,
				7CE613142C2BFB32001A3B96 /* AccountService.swift */,
				7CE52AE72C2D6B39005D8A6B /* RoleService.swift */,
			);
			path = Services;
			sourceTree = "<group>";
		};
		7C4013BA2C206C010019074D /* Constant */ = {
			isa = PBXGroup;
			children = (
				7C4013B82C206BEA0019074D /* Constant.swift */,
				7C455DEE2C2EF80700F4CECB /* RegexConstant.swift */,
				7C455DF02C2EF81400F4CECB /* APIConstant.swift */,
				7C6BFE362C3C33B600D1C3FC /* FieldIdentifier.swift */,
			);
			name = Constant;
			path = ../Constant;
			sourceTree = "<group>";
		};
		7C4013BB2C208A600019074D /* Setting */ = {
			isa = PBXGroup;
			children = (
				7CCC75EF2C36A9FB00DDBC87 /* Edit */,
				7CA5ACC22C2172DB001F8648 /* SettingTabBarController.swift */,
				7CA5ACC32C2172DB001F8648 /* SettingTabBarController.xib */,
				7C4013BC2C208A760019074D /* Users */,
				7C43D7172C1D907F00B3E914 /* Account */,
			);
			path = Setting;
			sourceTree = "<group>";
		};
		7C4013BC2C208A760019074D /* Users */ = {
			isa = PBXGroup;
			children = (
				7C4013C62C208C180019074D /* UsersVC.swift */,
				7C4013C72C208C180019074D /* UsersVC.xib */,
				7CA5ACCA2C218C43001F8648 /* UsersTableCell.swift */,
				7CA5ACCB2C218C43001F8648 /* UsersTableCell.xib */,
				7C4FEB3B2C40E7EF00D3783F /* TableLoadMoreIndicator.swift */,
			);
			path = Users;
			sourceTree = "<group>";
		};
		7C4013BD2C208A910019074D /* Authen */ = {
			isa = PBXGroup;
			children = (
				7C911F372C06277A00D28629 /* SignUp */,
				7CDA8AB62C06259700AAEE2F /* SignIn */,
			);
			path = Authen;
			sourceTree = "<group>";
		};
		7C43D7172C1D907F00B3E914 /* Account */ = {
			isa = PBXGroup;
			children = (
				7C43D7182C1D909D00B3E914 /* AccountVC.swift */,
				7C43D7192C1D909D00B3E914 /* AccountVC.xib */,
			);
			path = Account;
			sourceTree = "<group>";
		};
		7C911F372C06277A00D28629 /* SignUp */ = {
			isa = PBXGroup;
			children = (
				7C911F382C0627A700D28629 /* SignUpVC.swift */,
				7C4FEB432C412B8200D3783F /* SignUpVM.swift */,
				7C911F392C0627A700D28629 /* SignUpVC.xib */,
			);
			path = SignUp;
			sourceTree = "<group>";
		};
		7CA5ACCF2C227C62001F8648 /* Model */ = {
			isa = PBXGroup;
			children = (
				7C1EE2542C3E4C2300C72CED /* Authen */,
				7CA5ACD02C227C75001F8648 /* UserModel.swift */,
				7CF6797D2C22D83B00C0389C /* RoleModel.swift */,
				7CE613102C2BC2AA001A3B96 /* ServerResponse.swift */,
			);
			name = Model;
			path = XIBViewer/Model;
			sourceTree = SOURCE_ROOT;
		};
		7CC831F82C2AD97500A97350 /* Common */ = {
			isa = PBXGroup;
			children = (
				7CE613162C2C0CD1001A3B96 /* Singleton */,
				7C4013BA2C206C010019074D /* Constant */,
				7CE52AE22C2D22D5005D8A6B /* AlertManager.swift */,
				7C455DEC2C2EF2AF00F4CECB /* Validator.swift */,
			);
			name = Common;
			path = Model;
			sourceTree = "<group>";
		};
		7CC831F92C2AD98400A97350 /* Extensions */ = {
			isa = PBXGroup;
			children = (
				7CC831FA2C2ADA2200A97350 /* UIImageViewExtensions.swift */,
				7CC832012C2AEB2B00A97350 /* StringExtension.swift */,
				7CC8320B2C2B0F2500A97350 /* URLRequestExtension.swift */,
				7CE613192C2C5923001A3B96 /* UIButtonExtension.swift */,
				7C3F271A2C379FB80013780B /* UIViewControllerExtensions.swift */,
				7C3F271C2C37A4F40013780B /* UIActivityIndicatorViewExtendsions.swift */,
			);
			path = Extensions;
			sourceTree = "<group>";
		};
		7CC831FC2C2ADB5E00A97350 /* Resources */ = {
			isa = PBXGroup;
			children = (
				7CDF31FA2C060A2100C01B06 /* Assets.xcassets */,
				7CDF31FC2C060A2100C01B06 /* LaunchScreen.storyboard */,
				7CDF31FF2C060A2100C01B06 /* Info.plist */,
			);
			path = Resources;
			sourceTree = "<group>";
		};
		7CC832032C2B05B700A97350 /* API */ = {
			isa = PBXGroup;
			children = (
				7C1EE2552C3E4C6200C72CED /* Services */,
				7CE613122C2BC5B9001A3B96 /* APIErrorTypes.swift */,
				7CC832062C2B096E00A97350 /* Endpoints.swift */,
				7CC832082C2B0CC800A97350 /* HTTP.swift */,
			);
			path = API;
			sourceTree = "<group>";
		};
		7CCC75EF2C36A9FB00DDBC87 /* Edit */ = {
			isa = PBXGroup;
			children = (
				7C4FEB412C41132E00D3783F /* EdittVM.swift */,
				7CCC75F02C36AA5300DDBC87 /* EditVC.swift */,
				7CCC75F12C36AA5300DDBC87 /* EditVC.xib */,
			);
			path = Edit;
			sourceTree = "<group>";
		};
		7CDA8AB62C06259700AAEE2F /* SignIn */ = {
			isa = PBXGroup;
			children = (
				7C911F342C06272B00D28629 /* LogInVC.swift */,
				7C911F332C06272B00D28629 /* LogInVC.xib */,
			);
			path = SignIn;
			sourceTree = "<group>";
		};
		7CDF31E52C060A2000C01B06 = {
			isa = PBXGroup;
			children = (
				7C4FEB3D2C4106FA00D3783F /* AccountVM.swift */,
				7CDF31F02C060A2100C01B06 /* XIBViewer */,
				7CDF31EF2C060A2100C01B06 /* Products */,
			);
			sourceTree = "<group>";
		};
		7CDF31EF2C060A2100C01B06 /* Products */ = {
			isa = PBXGroup;
			children = (
				7CDF31EE2C060A2100C01B06 /* XIBViewer.app */,
			);
			name = Products;
			sourceTree = "<group>";
		};
		7CDF31F02C060A2100C01B06 /* XIBViewer */ = {
			isa = PBXGroup;
			children = (
				7CDF31F12C060A2100C01B06 /* AppDelegate.swift */,
				7CDF31F32C060A2100C01B06 /* SceneDelegate.swift */,
				7CDF32092C060B9800C01B06 /* View */,
				7CC832032C2B05B700A97350 /* API */,
				7CA5ACCF2C227C62001F8648 /* Model */,
				7CC831F92C2AD98400A97350 /* Extensions */,
				7CC831F82C2AD97500A97350 /* Common */,
				7CC831FC2C2ADB5E00A97350 /* Resources */,
			);
			path = XIBViewer;
			sourceTree = "<group>";
		};
		7CDF32092C060B9800C01B06 /* View */ = {
			isa = PBXGroup;
			children = (
				7C4013BD2C208A910019074D /* Authen */,
				7C4013BB2C208A600019074D /* Setting */,
			);
			path = View;
			sourceTree = "<group>";
		};
		7CE613162C2C0CD1001A3B96 /* Singleton */ = {
			isa = PBXGroup;
			children = (
				7CE613172C2C0CDF001A3B96 /* TokenSingleton.swift */,
				7CE52AE42C2D63EC005D8A6B /* RoleSingleton.swift */,
			);
			path = Singleton;
			sourceTree = "<group>";
		};
/* End PBXGroup section */

/* Begin PBXNativeTarget section */
		7CDF31ED2C060A2100C01B06 /* XIBViewer */ = {
			isa = PBXNativeTarget;
			buildConfigurationList = 7CDF32022C060A2100C01B06 /* Build configuration list for PBXNativeTarget "XIBViewer" */;
			buildPhases = (
				7CDF31EA2C060A2100C01B06 /* Sources */,
				7CDF31EB2C060A2100C01B06 /* Frameworks */,
				7CDF31EC2C060A2100C01B06 /* Resources */,
			);
			buildRules = (
			);
			dependencies = (
			);
			name = XIBViewer;
			packageProductDependencies = (
				7CA5ACD32C2281F9001F8648 /* SDWebImage */,
				7CA5ACD52C2281F9001F8648 /* SDWebImageMapKit */,
				7C7C7B6F2C37F5F1003FEF92 /* netfox */,
			);
			productName = XIBViewer;
			productReference = 7CDF31EE2C060A2100C01B06 /* XIBViewer.app */;
			productType = "com.apple.product-type.application";
		};
/* End PBXNativeTarget section */

/* Begin PBXProject section */
		7CDF31E62C060A2000C01B06 /* Project object */ = {
			isa = PBXProject;
			attributes = {
				BuildIndependentTargetsInParallel = 1;
				LastSwiftUpdateCheck = 1540;
				LastUpgradeCheck = 1540;
				TargetAttributes = {
					7CDF31ED2C060A2100C01B06 = {
						CreatedOnToolsVersion = 15.4;
					};
				};
			};
			buildConfigurationList = 7CDF31E92C060A2000C01B06 /* Build configuration list for PBXProject "XIBViewer" */;
			compatibilityVersion = "Xcode 14.0";
			developmentRegion = en;
			hasScannedForEncodings = 0;
			knownRegions = (
				en,
				Base,
			);
			mainGroup = 7CDF31E52C060A2000C01B06;
			packageReferences = (
				7CA5ACD22C2281F9001F8648 /* XCRemoteSwiftPackageReference "SDWebImage" */,
				7C7C7B6E2C37F5F1003FEF92 /* XCRemoteSwiftPackageReference "netfox" */,
			);
			productRefGroup = 7CDF31EF2C060A2100C01B06 /* Products */;
			projectDirPath = "";
			projectRoot = "";
			targets = (
				7CDF31ED2C060A2100C01B06 /* XIBViewer */,
			);
		};
/* End PBXProject section */

/* Begin PBXResourcesBuildPhase section */
		7CDF31EC2C060A2100C01B06 /* Resources */ = {
			isa = PBXResourcesBuildPhase;
			buildActionMask = 2147483647;
			files = (
				7CA5ACCE2C218EE8001F8648 /* UsersTableCell.xib in Resources */,
				7C911F3B2C0627A700D28629 /* SignUpVC.xib in Resources */,
				7CA5ACC52C2172DB001F8648 /* SettingTabBarController.xib in Resources */,
				7CCC75F32C36AA5300DDBC87 /* EditVC.xib in Resources */,
				7C911F352C06272B00D28629 /* LogInVC.xib in Resources */,
				7CDF31FB2C060A2100C01B06 /* Assets.xcassets in Resources */,
				7C43D71B2C1D909D00B3E914 /* AccountVC.xib in Resources */,
				7CDF31FE2C060A2100C01B06 /* Base in Resources */,
				7C4013C82C208C180019074D /* UsersVC.xib in Resources */,
			);
			runOnlyForDeploymentPostprocessing = 0;
		};
/* End PBXResourcesBuildPhase section */

/* Begin PBXSourcesBuildPhase section */
		7CDF31EA2C060A2100C01B06 /* Sources */ = {
			isa = PBXSourcesBuildPhase;
			buildActionMask = 2147483647;
			files = (
				7CA5ACCC2C218C43001F8648 /* UsersTableCell.swift in Sources */,
				7C4FEB442C412B8200D3783F /* SignUpVM.swift in Sources */,
				7C911F362C06272B00D28629 /* LogInVC.swift in Sources */,
				7C43D71A2C1D909D00B3E914 /* AccountVC.swift in Sources */,
				7C455DEF2C2EF80700F4CECB /* RegexConstant.swift in Sources */,
				7C3F271D2C37A4F40013780B /* UIActivityIndicatorViewExtendsions.swift in Sources */,
				7C4FEB3E2C4106FA00D3783F /* AccountVM.swift in Sources */,
				7CE613182C2C0CDF001A3B96 /* TokenSingleton.swift in Sources */,
				7C455DED2C2EF2AF00F4CECB /* Validator.swift in Sources */,
				7CDF31F22C060A2100C01B06 /* AppDelegate.swift in Sources */,
				7CE613152C2BFB32001A3B96 /* AccountService.swift in Sources */,
				7C455DF12C2EF81400F4CECB /* APIConstant.swift in Sources */,
				7CC832072C2B096E00A97350 /* Endpoints.swift in Sources */,
				7C6BFE372C3C33B600D1C3FC /* FieldIdentifier.swift in Sources */,
				7CC8320C2C2B0F2500A97350 /* URLRequestExtension.swift in Sources */,
				7CE613132C2BC5B9001A3B96 /* APIErrorTypes.swift in Sources */,
				7CC832092C2B0CC800A97350 /* HTTP.swift in Sources */,
				7C4013C92C208C180019074D /* UsersVC.swift in Sources */,
				7C4FEB422C41132E00D3783F /* EdittVM.swift in Sources */,
				7CE52AE82C2D6B39005D8A6B /* RoleService.swift in Sources */,
				7CE613112C2BC2AA001A3B96 /* ServerResponse.swift in Sources */,
				7C911F3A2C0627A700D28629 /* SignUpVC.swift in Sources */,
				7C4FEB3C2C40E7F000D3783F /* TableLoadMoreIndicator.swift in Sources */,
				7CDF31F42C060A2100C01B06 /* SceneDelegate.swift in Sources */,
				7CA5ACC42C2172DB001F8648 /* SettingTabBarController.swift in Sources */,
				7CF6797E2C22D83B00C0389C /* RoleModel.swift in Sources */,
				7CE52AE32C2D22D5005D8A6B /* AlertManager.swift in Sources */,
				7CE6131A2C2C5923001A3B96 /* UIButtonExtension.swift in Sources */,
				7CA5ACD12C227C75001F8648 /* UserModel.swift in Sources */,
				7CC832102C2B119300A97350 /* LoginModel.swift in Sources */,
				7CCC75F22C36AA5300DDBC87 /* EditVC.swift in Sources */,
				7CC831FB2C2ADA2200A97350 /* UIImageViewExtensions.swift in Sources */,
				7C3F271B2C379FB80013780B /* UIViewControllerExtensions.swift in Sources */,
				7CC832022C2AEB2B00A97350 /* StringExtension.swift in Sources */,
				7C0CC30D2C3657A400B79459 /* RefreshTokenModel.swift in Sources */,
				7CE52AEC2C2E7909005D8A6B /* SignupModel.swift in Sources */,
				7CE52AE52C2D63EC005D8A6B /* RoleSingleton.swift in Sources */,
				7C4013B92C206BEA0019074D /* Constant.swift in Sources */,
				7CC832052C2B05C600A97350 /* AuthService.swift in Sources */,
			);
			runOnlyForDeploymentPostprocessing = 0;
		};
/* End PBXSourcesBuildPhase section */

/* Begin PBXVariantGroup section */
		7CDF31FC2C060A2100C01B06 /* LaunchScreen.storyboard */ = {
			isa = PBXVariantGroup;
			children = (
				7CDF31FD2C060A2100C01B06 /* Base */,
			);
			name = LaunchScreen.storyboard;
			sourceTree = "<group>";
		};
/* End PBXVariantGroup section */

/* Begin XCBuildConfiguration section */
		7CDF32002C060A2100C01B06 /* Debug */ = {
			isa = XCBuildConfiguration;
			buildSettings = {
				ALWAYS_SEARCH_USER_PATHS = NO;
				ASSETCATALOG_COMPILER_GENERATE_SWIFT_ASSET_SYMBOL_EXTENSIONS = YES;
				CLANG_ANALYZER_NONNULL = YES;
				CLANG_ANALYZER_NUMBER_OBJECT_CONVERSION = YES_AGGRESSIVE;
				CLANG_CXX_LANGUAGE_STANDARD = "gnu++20";
				CLANG_ENABLE_MODULES = YES;
				CLANG_ENABLE_OBJC_ARC = YES;
				CLANG_ENABLE_OBJC_WEAK = YES;
				CLANG_WARN_BLOCK_CAPTURE_AUTORELEASING = YES;
				CLANG_WARN_BOOL_CONVERSION = YES;
				CLANG_WARN_COMMA = YES;
				CLANG_WARN_CONSTANT_CONVERSION = YES;
				CLANG_WARN_DEPRECATED_OBJC_IMPLEMENTATIONS = YES;
				CLANG_WARN_DIRECT_OBJC_ISA_USAGE = YES_ERROR;
				CLANG_WARN_DOCUMENTATION_COMMENTS = YES;
				CLANG_WARN_EMPTY_BODY = YES;
				CLANG_WARN_ENUM_CONVERSION = YES;
				CLANG_WARN_INFINITE_RECURSION = YES;
				CLANG_WARN_INT_CONVERSION = YES;
				CLANG_WARN_NON_LITERAL_NULL_CONVERSION = YES;
				CLANG_WARN_OBJC_IMPLICIT_RETAIN_SELF = YES;
				CLANG_WARN_OBJC_LITERAL_CONVERSION = YES;
				CLANG_WARN_OBJC_ROOT_CLASS = YES_ERROR;
				CLANG_WARN_QUOTED_INCLUDE_IN_FRAMEWORK_HEADER = YES;
				CLANG_WARN_RANGE_LOOP_ANALYSIS = YES;
				CLANG_WARN_STRICT_PROTOTYPES = YES;
				CLANG_WARN_SUSPICIOUS_MOVE = YES;
				CLANG_WARN_UNGUARDED_AVAILABILITY = YES_AGGRESSIVE;
				CLANG_WARN_UNREACHABLE_CODE = YES;
				CLANG_WARN__DUPLICATE_METHOD_MATCH = YES;
				COPY_PHASE_STRIP = NO;
				DEBUG_INFORMATION_FORMAT = dwarf;
				ENABLE_STRICT_OBJC_MSGSEND = YES;
				ENABLE_TESTABILITY = YES;
				ENABLE_USER_SCRIPT_SANDBOXING = YES;
				GCC_C_LANGUAGE_STANDARD = gnu17;
				GCC_DYNAMIC_NO_PIC = NO;
				GCC_NO_COMMON_BLOCKS = YES;
				GCC_OPTIMIZATION_LEVEL = 0;
				GCC_PREPROCESSOR_DEFINITIONS = (
					"DEBUG=1",
					"$(inherited)",
				);
				GCC_WARN_64_TO_32_BIT_CONVERSION = YES;
				GCC_WARN_ABOUT_RETURN_TYPE = YES_ERROR;
				GCC_WARN_UNDECLARED_SELECTOR = YES;
				GCC_WARN_UNINITIALIZED_AUTOS = YES_AGGRESSIVE;
				GCC_WARN_UNUSED_FUNCTION = YES;
				GCC_WARN_UNUSED_VARIABLE = YES;
				IPHONEOS_DEPLOYMENT_TARGET = 17.5;
				LOCALIZATION_PREFERS_STRING_CATALOGS = YES;
				MTL_ENABLE_DEBUG_INFO = INCLUDE_SOURCE;
				MTL_FAST_MATH = YES;
				ONLY_ACTIVE_ARCH = YES;
				SDKROOT = iphoneos;
				SWIFT_ACTIVE_COMPILATION_CONDITIONS = "DEBUG $(inherited)";
				SWIFT_OPTIMIZATION_LEVEL = "-Onone";
			};
			name = Debug;
		};
		7CDF32012C060A2100C01B06 /* Release */ = {
			isa = XCBuildConfiguration;
			buildSettings = {
				ALWAYS_SEARCH_USER_PATHS = NO;
				ASSETCATALOG_COMPILER_GENERATE_SWIFT_ASSET_SYMBOL_EXTENSIONS = YES;
				CLANG_ANALYZER_NONNULL = YES;
				CLANG_ANALYZER_NUMBER_OBJECT_CONVERSION = YES_AGGRESSIVE;
				CLANG_CXX_LANGUAGE_STANDARD = "gnu++20";
				CLANG_ENABLE_MODULES = YES;
				CLANG_ENABLE_OBJC_ARC = YES;
				CLANG_ENABLE_OBJC_WEAK = YES;
				CLANG_WARN_BLOCK_CAPTURE_AUTORELEASING = YES;
				CLANG_WARN_BOOL_CONVERSION = YES;
				CLANG_WARN_COMMA = YES;
				CLANG_WARN_CONSTANT_CONVERSION = YES;
				CLANG_WARN_DEPRECATED_OBJC_IMPLEMENTATIONS = YES;
				CLANG_WARN_DIRECT_OBJC_ISA_USAGE = YES_ERROR;
				CLANG_WARN_DOCUMENTATION_COMMENTS = YES;
				CLANG_WARN_EMPTY_BODY = YES;
				CLANG_WARN_ENUM_CONVERSION = YES;
				CLANG_WARN_INFINITE_RECURSION = YES;
				CLANG_WARN_INT_CONVERSION = YES;
				CLANG_WARN_NON_LITERAL_NULL_CONVERSION = YES;
				CLANG_WARN_OBJC_IMPLICIT_RETAIN_SELF = YES;
				CLANG_WARN_OBJC_LITERAL_CONVERSION = YES;
				CLANG_WARN_OBJC_ROOT_CLASS = YES_ERROR;
				CLANG_WARN_QUOTED_INCLUDE_IN_FRAMEWORK_HEADER = YES;
				CLANG_WARN_RANGE_LOOP_ANALYSIS = YES;
				CLANG_WARN_STRICT_PROTOTYPES = YES;
				CLANG_WARN_SUSPICIOUS_MOVE = YES;
				CLANG_WARN_UNGUARDED_AVAILABILITY = YES_AGGRESSIVE;
				CLANG_WARN_UNREACHABLE_CODE = YES;
				CLANG_WARN__DUPLICATE_METHOD_MATCH = YES;
				COPY_PHASE_STRIP = NO;
				DEBUG_INFORMATION_FORMAT = "dwarf-with-dsym";
				ENABLE_NS_ASSERTIONS = NO;
				ENABLE_STRICT_OBJC_MSGSEND = YES;
				ENABLE_USER_SCRIPT_SANDBOXING = YES;
				GCC_C_LANGUAGE_STANDARD = gnu17;
				GCC_NO_COMMON_BLOCKS = YES;
				GCC_WARN_64_TO_32_BIT_CONVERSION = YES;
				GCC_WARN_ABOUT_RETURN_TYPE = YES_ERROR;
				GCC_WARN_UNDECLARED_SELECTOR = YES;
				GCC_WARN_UNINITIALIZED_AUTOS = YES_AGGRESSIVE;
				GCC_WARN_UNUSED_FUNCTION = YES;
				GCC_WARN_UNUSED_VARIABLE = YES;
				IPHONEOS_DEPLOYMENT_TARGET = 17.5;
				LOCALIZATION_PREFERS_STRING_CATALOGS = YES;
				MTL_ENABLE_DEBUG_INFO = NO;
				MTL_FAST_MATH = YES;
				SDKROOT = iphoneos;
				SWIFT_COMPILATION_MODE = wholemodule;
				VALIDATE_PRODUCT = YES;
			};
			name = Release;
		};
		7CDF32032C060A2100C01B06 /* Debug */ = {
			isa = XCBuildConfiguration;
			buildSettings = {
				ASSETCATALOG_COMPILER_APPICON_NAME = AppIcon;
				ASSETCATALOG_COMPILER_GLOBAL_ACCENT_COLOR_NAME = AccentColor;
				CODE_SIGN_STYLE = Automatic;
				CURRENT_PROJECT_VERSION = 1;
				GENERATE_INFOPLIST_FILE = YES;
				INFOPLIST_FILE = XIBViewer/Resources/Info.plist;
				INFOPLIST_KEY_UIApplicationSupportsIndirectInputEvents = YES;
				INFOPLIST_KEY_UILaunchStoryboardName = LaunchScreen;
				INFOPLIST_KEY_UISupportedInterfaceOrientations_iPad = "UIInterfaceOrientationPortrait UIInterfaceOrientationPortraitUpsideDown UIInterfaceOrientationLandscapeLeft UIInterfaceOrientationLandscapeRight";
				INFOPLIST_KEY_UISupportedInterfaceOrientations_iPhone = "UIInterfaceOrientationPortrait UIInterfaceOrientationLandscapeLeft UIInterfaceOrientationLandscapeRight";
				LD_RUNPATH_SEARCH_PATHS = (
					"$(inherited)",
					"@executable_path/Frameworks",
				);
				MARKETING_VERSION = 1.0;
				PRODUCT_BUNDLE_IDENTIFIER = tech.myparentsforcemetolearn.XIBViewer;
				PRODUCT_NAME = "$(TARGET_NAME)";
				SWIFT_EMIT_LOC_STRINGS = YES;
				SWIFT_VERSION = 5.0;
				TARGETED_DEVICE_FAMILY = "1,2";
			};
			name = Debug;
		};
		7CDF32042C060A2100C01B06 /* Release */ = {
			isa = XCBuildConfiguration;
			buildSettings = {
				ASSETCATALOG_COMPILER_APPICON_NAME = AppIcon;
				ASSETCATALOG_COMPILER_GLOBAL_ACCENT_COLOR_NAME = AccentColor;
				CODE_SIGN_STYLE = Automatic;
				CURRENT_PROJECT_VERSION = 1;
				GENERATE_INFOPLIST_FILE = YES;
				INFOPLIST_FILE = XIBViewer/Resources/Info.plist;
				INFOPLIST_KEY_UIApplicationSupportsIndirectInputEvents = YES;
				INFOPLIST_KEY_UILaunchStoryboardName = LaunchScreen;
				INFOPLIST_KEY_UISupportedInterfaceOrientations_iPad = "UIInterfaceOrientationPortrait UIInterfaceOrientationPortraitUpsideDown UIInterfaceOrientationLandscapeLeft UIInterfaceOrientationLandscapeRight";
				INFOPLIST_KEY_UISupportedInterfaceOrientations_iPhone = "UIInterfaceOrientationPortrait UIInterfaceOrientationLandscapeLeft UIInterfaceOrientationLandscapeRight";
				LD_RUNPATH_SEARCH_PATHS = (
					"$(inherited)",
					"@executable_path/Frameworks",
				);
				MARKETING_VERSION = 1.0;
				PRODUCT_BUNDLE_IDENTIFIER = tech.myparentsforcemetolearn.XIBViewer;
				PRODUCT_NAME = "$(TARGET_NAME)";
				SWIFT_EMIT_LOC_STRINGS = YES;
				SWIFT_VERSION = 5.0;
				TARGETED_DEVICE_FAMILY = "1,2";
			};
			name = Release;
		};
/* End XCBuildConfiguration section */

/* Begin XCConfigurationList section */
		7CDF31E92C060A2000C01B06 /* Build configuration list for PBXProject "XIBViewer" */ = {
			isa = XCConfigurationList;
			buildConfigurations = (
				7CDF32002C060A2100C01B06 /* Debug */,
				7CDF32012C060A2100C01B06 /* Release */,
			);
			defaultConfigurationIsVisible = 0;
			defaultConfigurationName = Release;
		};
		7CDF32022C060A2100C01B06 /* Build configuration list for PBXNativeTarget "XIBViewer" */ = {
			isa = XCConfigurationList;
			buildConfigurations = (
				7CDF32032C060A2100C01B06 /* Debug */,
				7CDF32042C060A2100C01B06 /* Release */,
			);
			defaultConfigurationIsVisible = 0;
			defaultConfigurationName = Release;
		};
/* End XCConfigurationList section */

/* Begin XCRemoteSwiftPackageReference section */
		7C7C7B6E2C37F5F1003FEF92 /* XCRemoteSwiftPackageReference "netfox" */ = {
			isa = XCRemoteSwiftPackageReference;
			repositoryURL = "https://github.com/kasketis/netfox";
			requirement = {
				kind = upToNextMajorVersion;
				minimumVersion = 1.21.0;
			};
		};
		7CA5ACD22C2281F9001F8648 /* XCRemoteSwiftPackageReference "SDWebImage" */ = {
			isa = XCRemoteSwiftPackageReference;
			repositoryURL = "https://github.com/SDWebImage/SDWebImage";
			requirement = {
				kind = upToNextMajorVersion;
				minimumVersion = 5.19.3;
			};
		};
/* End XCRemoteSwiftPackageReference section */

/* Begin XCSwiftPackageProductDependency section */
		7C7C7B6F2C37F5F1003FEF92 /* netfox */ = {
			isa = XCSwiftPackageProductDependency;
			package = 7C7C7B6E2C37F5F1003FEF92 /* XCRemoteSwiftPackageReference "netfox" */;
			productName = netfox;
		};
		7CA5ACD32C2281F9001F8648 /* SDWebImage */ = {
			isa = XCSwiftPackageProductDependency;
			package = 7CA5ACD22C2281F9001F8648 /* XCRemoteSwiftPackageReference "SDWebImage" */;
			productName = SDWebImage;
		};
		7CA5ACD52C2281F9001F8648 /* SDWebImageMapKit */ = {
			isa = XCSwiftPackageProductDependency;
			package = 7CA5ACD22C2281F9001F8648 /* XCRemoteSwiftPackageReference "SDWebImage" */;
			productName = SDWebImageMapKit;
		};
/* End XCSwiftPackageProductDependency section */
	};
	rootObject = 7CDF31E62C060A2000C01B06 /* Project object */;
}
